
Microsoft Visual Studio Solution File, Format Version 12.00
# Visual Studio 2012
Project("{F14B399A-7131-4C87-9E4B-1186C45EF12D}") = "CRS.ReportingServices", "CRS.ReportingServices\CRS.ReportingServices.rptproj", "{D8829871-54ED-408C-8CE1-CD92E6008903}"
EndProject
Project("{159641D6-6404-4A2A-AE62-294DE0FE8301}") = "CRS.CentralLoad", "CRS.CentralLoad\CRS.CentralLoad.dtproj", "{BE3B18B6-EA40-4513-9284-43F48A17FB8D}"
EndProject
Project("{159641D6-6404-4A2A-AE62-294DE0FE8301}") = "HSCRC_Reports", "HSCRC_Reports\HSCRC_Reports.dtproj", "{749DB90F-8D06-43BE-B718-82B9728A47D8}"
EndProject
Project("{FAE04EC0-301F-11D3-BF4B-00C04F79EFBC}") = "CRS.ReportExtractor", "CRS.ReportExtractor\CRS.ReportExtractor.csproj", "{0F42F30D-73E6-4B0C-BA09-889AB29F8288}"
EndProject
Project("{159641D6-6404-4A2A-AE62-294DE0FE8301}") = "CRS.HSCRC_Insight_Load", "CRS.HSCRC_Insight_Load\CRS.HSCRC_Insight_Load.dtproj", "{50E410AE-65F4-401D-B03F-07FCCEC0A4F1}"
EndProject
Project("{FAE04EC0-301F-11D3-BF4B-00C04F79EFBC}") = "RestfulGeoCoder", "RestfulGeoCoder\RestfulGeoCoder.csproj", "{5188C8D9-68F1-4882-9014-CEAE3055BA78}"
EndProject
Project("{FAE04EC0-301F-11D3-BF4B-00C04F79EFBC}") = "CRS.AutomatedUiTests", "CRS.AutomatedUiTests\CRS.AutomatedUiTests.csproj", "{A3DFEB2A-61BF-4C75-A0FF-782E7A1D24C3}"
EndProject
Project("{FAE04EC0-301F-11D3-BF4B-00C04F79EFBC}") = "CRS.Portal_FileMoverAndArchiver", "CRS.Portal_FileMoverAndArchiver\CRS.Portal_FileMoverAndArchiver.csproj", "{E929AA8C-6F14-4358-82CA-ABA44C03C2FB}"
EndProject
Project("{159641D6-6404-4A2A-AE62-294DE0FE8301}") = "CRS.EnsExtractor", "CRS.EnsExtractor\CRS.EnsExtractor.dtproj", "{736A7A0F-38CE-442A-B151-E58FD2882065}"
EndProject
Project("{2150E333-8FDC-42A3-9474-1A3956D46DE8}") = "Solution Items", "Solution Items", "{E6FE6BED-99E5-48FC-A389-11EBAF726F58}"
EndProject
Project("{159641D6-6404-4A2A-AE62-294DE0FE8301}") = "CRS.CareProfile", "CRS.CareProfile\CRS.CareProfile.dtproj", "{1F170A89-A28E-4B9D-A96E-3B4ACA081571}"
EndProject
Project("{159641D6-6404-4A2A-AE62-294DE0FE8301}") = "CRS.CentralLoad_APCD", "CRS.CentralLoad_APCD\CRS.CentralLoad_APCD.dtproj", "{44B96752-E579-41B9-8BA6-F94A1BE54F8B}"
EndProject
Global
	GlobalSection(TeamFoundationVersionControl) = preSolution
		SccNumberOfProjects = 12
		SccEnterpriseProvider = {4CA58AB2-18FA-4F8D-95D4-32DDF27D184C}
		SccTeamFoundationServer = http://10.41.117.90:8080/tfs/projects
		SccLocalPath0 = .
		SccProjectUniqueName1 = CRS.ReportingServices\\CRS.ReportingServices.rptproj
		SccProjectName1 = CRS.ReportingServices
		SccLocalPath1 = CRS.ReportingServices
		SccProjectUniqueName2 = CRS.CentralLoad\\CRS.CentralLoad.dtproj
		SccProjectName2 = CRS.CentralLoad
		SccLocalPath2 = CRS.CentralLoad
		SccProjectUniqueName3 = HSCRC_Reports\\HSCRC_Reports.dtproj
		SccProjectName3 = HSCRC_Reports
		SccLocalPath3 = HSCRC_Reports
		SccProjectUniqueName4 = CRS.HSCRC_Insight_Load\\CRS.HSCRC_Insight_Load.dtproj
		SccProjectName4 = CRS.HSCRC_Insight_Load
		SccLocalPath4 = CRS.HSCRC_Insight_Load
		SccProjectUniqueName5 = CRS.ReportExtractor\\CRS.ReportExtractor.csproj
		SccProjectName5 = CRS.ReportExtractor
		SccLocalPath5 = CRS.ReportExtractor
		SccProjectUniqueName6 = RestfulGeoCoder\\RestfulGeoCoder.csproj
		SccProjectName6 = RestfulGeoCoder
		SccLocalPath6 = RestfulGeoCoder
		SccProjectUniqueName7 = CRS.AutomatedUiTests\\CRS.AutomatedUiTests.csproj
		SccProjectName7 = CRS.AutomatedUiTests
		SccLocalPath7 = CRS.AutomatedUiTests
		SccProjectUniqueName8 = CRS.Portal_FileMoverAndArchiver\\CRS.Portal_FileMoverAndArchiver.csproj
		SccProjectName8 = CRS.Portal_FileMoverAndArchiver
		SccLocalPath8 = CRS.Portal_FileMoverAndArchiver
		SccProjectUniqueName9 = CRS.EnsExtractor\\CRS.EnsExtractor.dtproj
		SccProjectName9 = CRS.EnsExtractor
		SccLocalPath9 = CRS.EnsExtractor
		SccProjectUniqueName10 = CRS.CareProfile\\CRS.CareProfile.dtproj
		SccProjectName10 = CRS.CareProfile
		SccLocalPath10 = CRS.CareProfile
		SccProjectUniqueName11 = CRS.CentralLoad_APCD\\CRS.CentralLoad_APCD.dtproj
		SccProjectName11 = CRS.CentralLoad_APCD
		SccLocalPath11 = CRS.CentralLoad_APCD
	EndGlobalSection
	GlobalSection(SolutionConfigurationPlatforms) = preSolution
		Debug|Any CPU = Debug|Any CPU
		Debug|x86 = Debug|x86
		DebugLocal|Any CPU = DebugLocal|Any CPU
		DebugLocal|x86 = DebugLocal|x86
		Development|Any CPU = Development|Any CPU
		Development|x86 = Development|x86
		Release|Any CPU = Release|Any CPU
		Release|x86 = Release|x86
	EndGlobalSection
	GlobalSection(ProjectConfigurationPlatforms) = postSolution
		{D8829871-54ED-408C-8CE1-CD92E6008903}.Debug|Any CPU.ActiveCfg = Debug
		{D8829871-54ED-408C-8CE1-CD92E6008903}.Debug|Any CPU.Build.0 = Debug
		{D8829871-54ED-408C-8CE1-CD92E6008903}.Debug|Any CPU.Deploy.0 = Debug
		{D8829871-54ED-408C-8CE1-CD92E6008903}.Debug|x86.ActiveCfg = Debug
		{D8829871-54ED-408C-8CE1-CD92E6008903}.Debug|x86.Build.0 = Debug
		{D8829871-54ED-408C-8CE1-CD92E6008903}.Debug|x86.Deploy.0 = Debug
		{D8829871-54ED-408C-8CE1-CD92E6008903}.DebugLocal|Any CPU.ActiveCfg = DebugLocal
		{D8829871-54ED-408C-8CE1-CD92E6008903}.DebugLocal|Any CPU.Build.0 = DebugLocal
		{D8829871-54ED-408C-8CE1-CD92E6008903}.DebugLocal|x86.ActiveCfg = DebugLocal
		{D8829871-54ED-408C-8CE1-CD92E6008903}.DebugLocal|x86.Build.0 = DebugLocal
		{D8829871-54ED-408C-8CE1-CD92E6008903}.DebugLocal|x86.Deploy.0 = DebugLocal
		{D8829871-54ED-408C-8CE1-CD92E6008903}.Development|Any CPU.ActiveCfg = DebugLocal
		{D8829871-54ED-408C-8CE1-CD92E6008903}.Development|Any CPU.Build.0 = DebugLocal
		{D8829871-54ED-408C-8CE1-CD92E6008903}.Development|x86.ActiveCfg = DebugLocal
		{D8829871-54ED-408C-8CE1-CD92E6008903}.Development|x86.Build.0 = DebugLocal
		{D8829871-54ED-408C-8CE1-CD92E6008903}.Development|x86.Deploy.0 = DebugLocal
		{D8829871-54ED-408C-8CE1-CD92E6008903}.Release|Any CPU.ActiveCfg = Release
		{D8829871-54ED-408C-8CE1-CD92E6008903}.Release|Any CPU.Build.0 = Release
		{D8829871-54ED-408C-8CE1-CD92E6008903}.Release|Any CPU.Deploy.0 = Release
		{D8829871-54ED-408C-8CE1-CD92E6008903}.Release|x86.ActiveCfg = Release
		{D8829871-54ED-408C-8CE1-CD92E6008903}.Release|x86.Build.0 = Release
		{D8829871-54ED-408C-8CE1-CD92E6008903}.Release|x86.Deploy.0 = Release
		{BE3B18B6-EA40-4513-9284-43F48A17FB8D}.Debug|Any CPU.ActiveCfg = Development
		{BE3B18B6-EA40-4513-9284-43F48A17FB8D}.Debug|Any CPU.Build.0 = Development
		{BE3B18B6-EA40-4513-9284-43F48A17FB8D}.Debug|x86.ActiveCfg = Development
		{BE3B18B6-EA40-4513-9284-43F48A17FB8D}.Debug|x86.Build.0 = Development
		{BE3B18B6-EA40-4513-9284-43F48A17FB8D}.DebugLocal|Any CPU.ActiveCfg = Development
		{BE3B18B6-EA40-4513-9284-43F48A17FB8D}.DebugLocal|Any CPU.Build.0 = Development
		{BE3B18B6-EA40-4513-9284-43F48A17FB8D}.DebugLocal|x86.ActiveCfg = Development
		{BE3B18B6-EA40-4513-9284-43F48A17FB8D}.DebugLocal|x86.Build.0 = Development
		{BE3B18B6-EA40-4513-9284-43F48A17FB8D}.Development|Any CPU.ActiveCfg = Development
		{BE3B18B6-EA40-4513-9284-43F48A17FB8D}.Development|Any CPU.Build.0 = Development
		{BE3B18B6-EA40-4513-9284-43F48A17FB8D}.Development|x86.ActiveCfg = Development
		{BE3B18B6-EA40-4513-9284-43F48A17FB8D}.Development|x86.Build.0 = Development
		{BE3B18B6-EA40-4513-9284-43F48A17FB8D}.Release|Any CPU.ActiveCfg = Development
		{BE3B18B6-EA40-4513-9284-43F48A17FB8D}.Release|Any CPU.Build.0 = Development
		{BE3B18B6-EA40-4513-9284-43F48A17FB8D}.Release|x86.ActiveCfg = Development
		{BE3B18B6-EA40-4513-9284-43F48A17FB8D}.Release|x86.Build.0 = Development
		{749DB90F-8D06-43BE-B718-82B9728A47D8}.Debug|Any CPU.ActiveCfg = Development
		{749DB90F-8D06-43BE-B718-82B9728A47D8}.Debug|Any CPU.Build.0 = Development
		{749DB90F-8D06-43BE-B718-82B9728A47D8}.Debug|x86.ActiveCfg = Development
		{749DB90F-8D06-43BE-B718-82B9728A47D8}.Debug|x86.Build.0 = Development
		{749DB90F-8D06-43BE-B718-82B9728A47D8}.DebugLocal|Any CPU.ActiveCfg = Development
		{749DB90F-8D06-43BE-B718-82B9728A47D8}.DebugLocal|Any CPU.Build.0 = Development
		{749DB90F-8D06-43BE-B718-82B9728A47D8}.DebugLocal|x86.ActiveCfg = Development
		{749DB90F-8D06-43BE-B718-82B9728A47D8}.DebugLocal|x86.Build.0 = Development
		{749DB90F-8D06-43BE-B718-82B9728A47D8}.Development|Any CPU.ActiveCfg = Development
		{749DB90F-8D06-43BE-B718-82B9728A47D8}.Development|Any CPU.Build.0 = Development
		{749DB90F-8D06-43BE-B718-82B9728A47D8}.Development|x86.ActiveCfg = Development
		{749DB90F-8D06-43BE-B718-82B9728A47D8}.Development|x86.Build.0 = Development
		{749DB90F-8D06-43BE-B718-82B9728A47D8}.Release|Any CPU.ActiveCfg = Development
		{749DB90F-8D06-43BE-B718-82B9728A47D8}.Release|Any CPU.Build.0 = Development
		{749DB90F-8D06-43BE-B718-82B9728A47D8}.Release|x86.ActiveCfg = Development
		{749DB90F-8D06-43BE-B718-82B9728A47D8}.Release|x86.Build.0 = Development
		{0F42F30D-73E6-4B0C-BA09-889AB29F8288}.Debug|Any CPU.ActiveCfg = Debug|Any CPU
		{0F42F30D-73E6-4B0C-BA09-889AB29F8288}.Debug|Any CPU.Build.0 = Debug|Any CPU
		{0F42F30D-73E6-4B0C-BA09-889AB29F8288}.Debug|x86.ActiveCfg = Debug|Any CPU
		{0F42F30D-73E6-4B0C-BA09-889AB29F8288}.DebugLocal|Any CPU.ActiveCfg = Debug|Any CPU
		{0F42F30D-73E6-4B0C-BA09-889AB29F8288}.DebugLocal|Any CPU.Build.0 = Debug|Any CPU
		{0F42F30D-73E6-4B0C-BA09-889AB29F8288}.DebugLocal|x86.ActiveCfg = Debug|Any CPU
		{0F42F30D-73E6-4B0C-BA09-889AB29F8288}.Development|Any CPU.ActiveCfg = Debug|Any CPU
		{0F42F30D-73E6-4B0C-BA09-889AB29F8288}.Development|Any CPU.Build.0 = Debug|Any CPU
		{0F42F30D-73E6-4B0C-BA09-889AB29F8288}.Development|x86.ActiveCfg = Debug|Any CPU
		{0F42F30D-73E6-4B0C-BA09-889AB29F8288}.Release|Any CPU.ActiveCfg = Release|Any CPU
		{0F42F30D-73E6-4B0C-BA09-889AB29F8288}.Release|Any CPU.Build.0 = Release|Any CPU
		{0F42F30D-73E6-4B0C-BA09-889AB29F8288}.Release|x86.ActiveCfg = Release|Any CPU
		{50E410AE-65F4-401D-B03F-07FCCEC0A4F1}.Debug|Any CPU.ActiveCfg = Development
		{50E410AE-65F4-401D-B03F-07FCCEC0A4F1}.Debug|Any CPU.Build.0 = Development
		{50E410AE-65F4-401D-B03F-07FCCEC0A4F1}.Debug|x86.ActiveCfg = Development
		{50E410AE-65F4-401D-B03F-07FCCEC0A4F1}.Debug|x86.Build.0 = Development
		{50E410AE-65F4-401D-B03F-07FCCEC0A4F1}.DebugLocal|Any CPU.ActiveCfg = Development
		{50E410AE-65F4-401D-B03F-07FCCEC0A4F1}.DebugLocal|Any CPU.Build.0 = Development
		{50E410AE-65F4-401D-B03F-07FCCEC0A4F1}.DebugLocal|x86.ActiveCfg = Development
		{50E410AE-65F4-401D-B03F-07FCCEC0A4F1}.DebugLocal|x86.Build.0 = Development
		{50E410AE-65F4-401D-B03F-07FCCEC0A4F1}.Development|Any CPU.ActiveCfg = Development
		{50E410AE-65F4-401D-B03F-07FCCEC0A4F1}.Development|Any CPU.Build.0 = Development
		{50E410AE-65F4-401D-B03F-07FCCEC0A4F1}.Development|x86.ActiveCfg = Development
		{50E410AE-65F4-401D-B03F-07FCCEC0A4F1}.Development|x86.Build.0 = Development
		{50E410AE-65F4-401D-B03F-07FCCEC0A4F1}.Release|Any CPU.ActiveCfg = Development
		{50E410AE-65F4-401D-B03F-07FCCEC0A4F1}.Release|Any CPU.Build.0 = Development
		{50E410AE-65F4-401D-B03F-07FCCEC0A4F1}.Release|x86.ActiveCfg = Development
		{50E410AE-65F4-401D-B03F-07FCCEC0A4F1}.Release|x86.Build.0 = Development
		{5188C8D9-68F1-4882-9014-CEAE3055BA78}.Debug|Any CPU.ActiveCfg = Debug|Any CPU
		{5188C8D9-68F1-4882-9014-CEAE3055BA78}.Debug|Any CPU.Build.0 = Debug|Any CPU
		{5188C8D9-68F1-4882-9014-CEAE3055BA78}.Debug|x86.ActiveCfg = Debug|Any CPU
		{5188C8D9-68F1-4882-9014-CEAE3055BA78}.DebugLocal|Any CPU.ActiveCfg = Debug|Any CPU
		{5188C8D9-68F1-4882-9014-CEAE3055BA78}.DebugLocal|Any CPU.Build.0 = Debug|Any CPU
		{5188C8D9-68F1-4882-9014-CEAE3055BA78}.DebugLocal|x86.ActiveCfg = Debug|Any CPU
		{5188C8D9-68F1-4882-9014-CEAE3055BA78}.Development|Any CPU.ActiveCfg = Debug|Any CPU
		{5188C8D9-68F1-4882-9014-CEAE3055BA78}.Development|Any CPU.Build.0 = Debug|Any CPU
		{5188C8D9-68F1-4882-9014-CEAE3055BA78}.Development|x86.ActiveCfg = Debug|Any CPU
		{5188C8D9-68F1-4882-9014-CEAE3055BA78}.Release|Any CPU.ActiveCfg = Release|Any CPU
		{5188C8D9-68F1-4882-9014-CEAE3055BA78}.Release|Any CPU.Build.0 = Release|Any CPU
		{5188C8D9-68F1-4882-9014-CEAE3055BA78}.Release|x86.ActiveCfg = Release|Any CPU
		{A3DFEB2A-61BF-4C75-A0FF-782E7A1D24C3}.Debug|Any CPU.ActiveCfg = Debug|Any CPU
		{A3DFEB2A-61BF-4C75-A0FF-782E7A1D24C3}.Debug|Any CPU.Build.0 = Debug|Any CPU
		{A3DFEB2A-61BF-4C75-A0FF-782E7A1D24C3}.Debug|x86.ActiveCfg = Debug|Any CPU
		{A3DFEB2A-61BF-4C75-A0FF-782E7A1D24C3}.DebugLocal|Any CPU.ActiveCfg = Debug|Any CPU
		{A3DFEB2A-61BF-4C75-A0FF-782E7A1D24C3}.DebugLocal|Any CPU.Build.0 = Debug|Any CPU
		{A3DFEB2A-61BF-4C75-A0FF-782E7A1D24C3}.DebugLocal|x86.ActiveCfg = Debug|Any CPU
		{A3DFEB2A-61BF-4C75-A0FF-782E7A1D24C3}.Development|Any CPU.ActiveCfg = Debug|Any CPU
		{A3DFEB2A-61BF-4C75-A0FF-782E7A1D24C3}.Development|Any CPU.Build.0 = Debug|Any CPU
		{A3DFEB2A-61BF-4C75-A0FF-782E7A1D24C3}.Development|x86.ActiveCfg = Debug|Any CPU
		{A3DFEB2A-61BF-4C75-A0FF-782E7A1D24C3}.Release|Any CPU.ActiveCfg = Release|Any CPU
		{A3DFEB2A-61BF-4C75-A0FF-782E7A1D24C3}.Release|Any CPU.Build.0 = Release|Any CPU
		{A3DFEB2A-61BF-4C75-A0FF-782E7A1D24C3}.Release|x86.ActiveCfg = Release|Any CPU
		{E929AA8C-6F14-4358-82CA-ABA44C03C2FB}.Debug|Any CPU.ActiveCfg = Debug|Any CPU
		{E929AA8C-6F14-4358-82CA-ABA44C03C2FB}.Debug|Any CPU.Build.0 = Debug|Any CPU
		{E929AA8C-6F14-4358-82CA-ABA44C03C2FB}.Debug|x86.ActiveCfg = Debug|Any CPU
		{E929AA8C-6F14-4358-82CA-ABA44C03C2FB}.DebugLocal|Any CPU.ActiveCfg = Debug|Any CPU
		{E929AA8C-6F14-4358-82CA-ABA44C03C2FB}.DebugLocal|Any CPU.Build.0 = Debug|Any CPU
		{E929AA8C-6F14-4358-82CA-ABA44C03C2FB}.DebugLocal|x86.ActiveCfg = Debug|Any CPU
		{E929AA8C-6F14-4358-82CA-ABA44C03C2FB}.Development|Any CPU.ActiveCfg = Debug|Any CPU
		{E929AA8C-6F14-4358-82CA-ABA44C03C2FB}.Development|Any CPU.Build.0 = Debug|Any CPU
		{E929AA8C-6F14-4358-82CA-ABA44C03C2FB}.Development|x86.ActiveCfg = Debug|Any CPU
		{E929AA8C-6F14-4358-82CA-ABA44C03C2FB}.Release|Any CPU.ActiveCfg = Release|Any CPU
		{E929AA8C-6F14-4358-82CA-ABA44C03C2FB}.Release|Any CPU.Build.0 = Release|Any CPU
		{E929AA8C-6F14-4358-82CA-ABA44C03C2FB}.Release|x86.ActiveCfg = Release|Any CPU
		{736A7A0F-38CE-442A-B151-E58FD2882065}.Debug|Any CPU.ActiveCfg = Development
		{736A7A0F-38CE-442A-B151-E58FD2882065}.Debug|Any CPU.Build.0 = Development
		{736A7A0F-38CE-442A-B151-E58FD2882065}.Debug|x86.ActiveCfg = Development
		{736A7A0F-38CE-442A-B151-E58FD2882065}.Debug|x86.Build.0 = Development
		{736A7A0F-38CE-442A-B151-E58FD2882065}.DebugLocal|Any CPU.ActiveCfg = Development
		{736A7A0F-38CE-442A-B151-E58FD2882065}.DebugLocal|Any CPU.Build.0 = Development
		{736A7A0F-38CE-442A-B151-E58FD2882065}.DebugLocal|x86.ActiveCfg = Development
		{736A7A0F-38CE-442A-B151-E58FD2882065}.DebugLocal|x86.Build.0 = Development
		{736A7A0F-38CE-442A-B151-E58FD2882065}.Development|Any CPU.ActiveCfg = Development
		{736A7A0F-38CE-442A-B151-E58FD2882065}.Development|Any CPU.Build.0 = Development
		{736A7A0F-38CE-442A-B151-E58FD2882065}.Development|x86.ActiveCfg = Development
		{736A7A0F-38CE-442A-B151-E58FD2882065}.Development|x86.Build.0 = Development
		{736A7A0F-38CE-442A-B151-E58FD2882065}.Release|Any CPU.ActiveCfg = Development
		{736A7A0F-38CE-442A-B151-E58FD2882065}.Release|Any CPU.Build.0 = Development
		{736A7A0F-38CE-442A-B151-E58FD2882065}.Release|x86.ActiveCfg = Development
		{736A7A0F-38CE-442A-B151-E58FD2882065}.Release|x86.Build.0 = Development
		{1F170A89-A28E-4B9D-A96E-3B4ACA081571}.Debug|Any CPU.ActiveCfg = Development
		{1F170A89-A28E-4B9D-A96E-3B4ACA081571}.Debug|Any CPU.Build.0 = Development
		{1F170A89-A28E-4B9D-A96E-3B4ACA081571}.Debug|x86.ActiveCfg = Development
		{1F170A89-A28E-4B9D-A96E-3B4ACA081571}.Debug|x86.Build.0 = Development
		{1F170A89-A28E-4B9D-A96E-3B4ACA081571}.DebugLocal|Any CPU.ActiveCfg = Development
		{1F170A89-A28E-4B9D-A96E-3B4ACA081571}.DebugLocal|Any CPU.Build.0 = Development
		{1F170A89-A28E-4B9D-A96E-3B4ACA081571}.DebugLocal|x86.ActiveCfg = Development
		{1F170A89-A28E-4B9D-A96E-3B4ACA081571}.DebugLocal|x86.Build.0 = Development
		{1F170A89-A28E-4B9D-A96E-3B4ACA081571}.Development|Any CPU.ActiveCfg = Development
		{1F170A89-A28E-4B9D-A96E-3B4ACA081571}.Development|Any CPU.Build.0 = Development
		{1F170A89-A28E-4B9D-A96E-3B4ACA081571}.Development|x86.ActiveCfg = Development
		{1F170A89-A28E-4B9D-A96E-3B4ACA081571}.Development|x86.Build.0 = Development
		{1F170A89-A28E-4B9D-A96E-3B4ACA081571}.Release|Any CPU.ActiveCfg = Development
		{1F170A89-A28E-4B9D-A96E-3B4ACA081571}.Release|Any CPU.Build.0 = Development
		{1F170A89-A28E-4B9D-A96E-3B4ACA081571}.Release|x86.ActiveCfg = Development
		{1F170A89-A28E-4B9D-A96E-3B4ACA081571}.Release|x86.Build.0 = Development
		{44B96752-E579-41B9-8BA6-F94A1BE54F8B}.Debug|Any CPU.ActiveCfg = Development
		{44B96752-E579-41B9-8BA6-F94A1BE54F8B}.Debug|Any CPU.Build.0 = Development
		{44B96752-E579-41B9-8BA6-F94A1BE54F8B}.Debug|x86.ActiveCfg = Development
		{44B96752-E579-41B9-8BA6-F94A1BE54F8B}.Debug|x86.Build.0 = Development
		{44B96752-E579-41B9-8BA6-F94A1BE54F8B}.DebugLocal|Any CPU.ActiveCfg = Development
		{44B96752-E579-41B9-8BA6-F94A1BE54F8B}.DebugLocal|Any CPU.Build.0 = Development
		{44B96752-E579-41B9-8BA6-F94A1BE54F8B}.DebugLocal|x86.ActiveCfg = Development
		{44B96752-E579-41B9-8BA6-F94A1BE54F8B}.DebugLocal|x86.Build.0 = Development
		{44B96752-E579-41B9-8BA6-F94A1BE54F8B}.Development|Any CPU.ActiveCfg = Development
		{44B96752-E579-41B9-8BA6-F94A1BE54F8B}.Development|Any CPU.Build.0 = Development
		{44B96752-E579-41B9-8BA6-F94A1BE54F8B}.Development|x86.ActiveCfg = Development
		{44B96752-E579-41B9-8BA6-F94A1BE54F8B}.Development|x86.Build.0 = Development
		{44B96752-E579-41B9-8BA6-F94A1BE54F8B}.Release|Any CPU.ActiveCfg = Development
		{44B96752-E579-41B9-8BA6-F94A1BE54F8B}.Release|Any CPU.Build.0 = Development
		{44B96752-E579-41B9-8BA6-F94A1BE54F8B}.Release|x86.ActiveCfg = Development
		{44B96752-E579-41B9-8BA6-F94A1BE54F8B}.Release|x86.Build.0 = Development
	EndGlobalSection
	GlobalSection(SolutionProperties) = preSolution
		HideSolutionNode = FALSE
	EndGlobalSection
EndGlobal
